lockfileVersion: '9.0'

settings:
  autoInstallPeers: true
  excludeLinksFromLockfile: false

importers:

  .:
    devDependencies:
      '@rsbuild/core':
        specifier: ^1.3.22
        version: 1.3.22
      '@types/serviceworker':
        specifier: ^0.0.137
        version: 0.0.137
      typescript:
        specifier: ^5.8.3
        version: 5.8.3

packages:

  '@module-federation/error-codes@0.14.0':
    resolution: {integrity: sha512-GGk+EoeSACJikZZyShnLshtq9E2eCrDWbRiB4QAFXCX4oYmGgFfzXlx59vMNwqTKPJWxkEGnPYacJMcr2YYjag==}

  '@module-federation/runtime-core@0.14.0':
    resolution: {integrity: sha512-fGE1Ro55zIFDp/CxQuRhKQ1pJvG7P0qvRm2N+4i8z++2bgDjcxnCKUqDJ8lLD+JfJQvUJf0tuSsJPgevzueD4g==}

  '@module-federation/runtime-tools@0.14.0':
    resolution: {integrity: sha512-y/YN0c2DKsLETE+4EEbmYWjqF9G6ZwgZoDIPkaQ9p0pQu0V4YxzWfQagFFxR0RigYGuhJKmSU/rtNoHq+qF8jg==}

  '@module-federation/runtime@0.14.0':
    resolution: {integrity: sha512-kR3cyHw/Y64SEa7mh4CHXOEQYY32LKLK75kJOmBroLNLO7/W01hMNAvGBYTedS7hWpVuefPk1aFZioy3q2VLdQ==}

  '@module-federation/sdk@0.14.0':
    resolution: {integrity: sha512-lg/OWRsh18hsyTCamOOhEX546vbDiA2O4OggTxxH2wTGr156N6DdELGQlYIKfRdU/0StgtQS81Goc0BgDZlx9A==}

  '@module-federation/webpack-bundler-runtime@0.14.0':
    resolution: {integrity: sha512-POWS6cKBicAAQ3DNY5X7XEUSfOfUsRaBNxbuwEfSGlrkTE9UcWheO06QP2ndHi8tHQuUKcIHi2navhPkJ+k5xg==}

  '@rsbuild/core@1.3.22':
    resolution: {integrity: sha512-FGB7m8Tn/uiOhvqk0lw+NRMyD+VYJ+eBqVfpn0X11spkJDiPWn8UkMRvfzCX4XFcNZwRKYuuKJaZK1DNU8UG+w==}
    engines: {node: '>=16.10.0'}
    hasBin: true

  '@rspack/binding-darwin-arm64@1.3.12':
    resolution: {integrity: sha512-8hKjVTBeWPqkMzFPNWIh72oU9O3vFy3e88wRjMPImDCXBiEYrKqGTTLd/J0SO+efdL3SBD1rX1IvdJpxCv6Yrw==}
    cpu: [arm64]
    os: [darwin]

  '@rspack/binding-darwin-x64@1.3.12':
    resolution: {integrity: sha512-Sj4m+mCUxL7oCpdu7OmWT7fpBM7hywk5CM9RDc3D7StaBZbvNtNftafCrTZzTYKuZrKmemTh5SFzT5Tz7tf6GA==}
    cpu: [x64]
    os: [darwin]

  '@rspack/binding-linux-arm64-gnu@1.3.12':
    resolution: {integrity: sha512-7MuOxf3/Mhv4mgFdLTvgnt/J+VouNR65DEhorth+RZm3LEWojgoFEphSAMAvpvAOpYSS68Sw4SqsOZi719ia2w==}
    cpu: [arm64]
    os: [linux]

  '@rspack/binding-linux-arm64-musl@1.3.12':
    resolution: {integrity: sha512-s6KKj20T9Z1bA8caIjU6EzJbwyDo1URNFgBAlafCT2UC6yX7flstDJJ38CxZacA9A2P24RuQK2/jPSZpWrTUFA==}
    cpu: [arm64]
    os: [linux]

  '@rspack/binding-linux-x64-gnu@1.3.12':
    resolution: {integrity: sha512-0w/sRREYbRgHgWvs2uMEJSLfvzbZkPHUg6CMcYQGNVK6axYRot6jPyKetyFYA9pR5fB5rsXegpnFaZaVrRIK2g==}
    cpu: [x64]
    os: [linux]

  '@rspack/binding-linux-x64-musl@1.3.12':
    resolution: {integrity: sha512-jEdxkPymkRxbijDRsBGdhopcbGXiXDg59lXqIRkVklqbDmZ/O6DHm7gImmlx5q9FoWbz0gqJuOKBz4JqWxjWVA==}
    cpu: [x64]
    os: [linux]

  '@rspack/binding-win32-arm64-msvc@1.3.12':
    resolution: {integrity: sha512-ZRvUCb3TDLClAqcTsl/o9UdJf0B5CgzAxgdbnYJbldyuyMeTUB4jp20OfG55M3C2Nute2SNhu2bOOp9Se5Ongw==}
    cpu: [arm64]
    os: [win32]

  '@rspack/binding-win32-ia32-msvc@1.3.12':
    resolution: {integrity: sha512-1TKPjuXStPJr14f3ZHuv40Xc/87jUXx10pzVtrPnw+f3hckECHrbYU/fvbVzZyuXbsXtkXpYca6ygCDRJAoNeQ==}
    cpu: [ia32]
    os: [win32]

  '@rspack/binding-win32-x64-msvc@1.3.12':
    resolution: {integrity: sha512-lCR0JfnYKpV+a6r2A2FdxyUKUS4tajePgpPJN5uXDgMGwrDtRqvx+d0BHhwjFudQVJq9VVbRaL89s2MQ6u+xYw==}
    cpu: [x64]
    os: [win32]

  '@rspack/binding@1.3.12':
    resolution: {integrity: sha512-4Ic8lV0+LCBfTlH5aIOujIRWZOtgmG223zC4L3o8WY/+ESAgpdnK6lSSMfcYgRanYLAy3HOmFIp20jwskMpbAg==}

  '@rspack/core@1.3.12':
    resolution: {integrity: sha512-mAPmV4LPPRgxpouUrGmAE4kpF1NEWJGyM5coebsjK/zaCMSjw3mkdxiU2b5cO44oIi0Ifv5iGkvwbdrZOvMyFA==}
    engines: {node: '>=16.0.0'}
    peerDependencies:
      '@swc/helpers': '>=0.5.1'
    peerDependenciesMeta:
      '@swc/helpers':
        optional: true

  '@rspack/lite-tapable@1.0.1':
    resolution: {integrity: sha512-VynGOEsVw2s8TAlLf/uESfrgfrq2+rcXB1muPJYBWbsm1Oa6r5qVQhjA5ggM6z/coYPrsVMgovl3Ff7Q7OCp1w==}
    engines: {node: '>=16.0.0'}

  '@swc/helpers@0.5.17':
    resolution: {integrity: sha512-5IKx/Y13RsYd+sauPb2x+U/xZikHjolzfuDgTAl/Tdf3Q8rslRvC19NKDLgAJQ6wsqADk10ntlv08nPFw/gO/A==}

  '@types/serviceworker@0.0.137':
    resolution: {integrity: sha512-am9uszx1+FFeoXW4OdshD7zkm7Ds0iJZ4f6JNfbvB2ACie+Q+bWExxCoNehbkTVFyWfAJL8y/xy88k4+ApkuXg==}

  caniuse-lite@1.0.30001720:
    resolution: {integrity: sha512-Ec/2yV2nNPwb4DnTANEV99ZWwm3ZWfdlfkQbWSDDt+PsXEVYwlhPH8tdMaPunYTKKmz7AnHi2oNEi1GcmKCD8g==}

  core-js@3.42.0:
    resolution: {integrity: sha512-Sz4PP4ZA+Rq4II21qkNqOEDTDrCvcANId3xpIgB34NDkWc3UduWj2dqEtN9yZIq8Dk3HyPI33x9sqqU5C8sr0g==}

  jiti@2.4.2:
    resolution: {integrity: sha512-rg9zJN+G4n2nfJl5MW3BMygZX56zKPNVEYYqq7adpmMh4Jn2QNEwhvQlFy6jPVdcod7txZtKHWnyZiA3a0zP7A==}
    hasBin: true

  tslib@2.8.1:
    resolution: {integrity: sha512-oJFu94HQb+KVduSUQL7wnpmqnfmLsOA/nAh6b6EH0wCEoK0/mPeXU6c3wKDV83MkOuHPRHtSXKKU99IBazS/2w==}

  typescript@5.8.3:
    resolution: {integrity: sha512-p1diW6TqL9L07nNxvRMM7hMMw4c5XOo/1ibL4aAIGmSAt9slTE1Xgw5KWuof2uTOvCg9BY7ZRi+GaF+7sfgPeQ==}
    engines: {node: '>=14.17'}
    hasBin: true

snapshots:

  '@module-federation/error-codes@0.14.0': {}

  '@module-federation/runtime-core@0.14.0':
    dependencies:
      '@module-federation/error-codes': 0.14.0
      '@module-federation/sdk': 0.14.0

  '@module-federation/runtime-tools@0.14.0':
    dependencies:
      '@module-federation/runtime': 0.14.0
      '@module-federation/webpack-bundler-runtime': 0.14.0

  '@module-federation/runtime@0.14.0':
    dependencies:
      '@module-federation/error-codes': 0.14.0
      '@module-federation/runtime-core': 0.14.0
      '@module-federation/sdk': 0.14.0

  '@module-federation/sdk@0.14.0': {}

  '@module-federation/webpack-bundler-runtime@0.14.0':
    dependencies:
      '@module-federation/runtime': 0.14.0
      '@module-federation/sdk': 0.14.0

  '@rsbuild/core@1.3.22':
    dependencies:
      '@rspack/core': 1.3.12(@swc/helpers@0.5.17)
      '@rspack/lite-tapable': 1.0.1
      '@swc/helpers': 0.5.17
      core-js: 3.42.0
      jiti: 2.4.2

  '@rspack/binding-darwin-arm64@1.3.12':
    optional: true

  '@rspack/binding-darwin-x64@1.3.12':
    optional: true

  '@rspack/binding-linux-arm64-gnu@1.3.12':
    optional: true

  '@rspack/binding-linux-arm64-musl@1.3.12':
    optional: true

  '@rspack/binding-linux-x64-gnu@1.3.12':
    optional: true

  '@rspack/binding-linux-x64-musl@1.3.12':
    optional: true

  '@rspack/binding-win32-arm64-msvc@1.3.12':
    optional: true

  '@rspack/binding-win32-ia32-msvc@1.3.12':
    optional: true

  '@rspack/binding-win32-x64-msvc@1.3.12':
    optional: true

  '@rspack/binding@1.3.12':
    optionalDependencies:
      '@rspack/binding-darwin-arm64': 1.3.12
      '@rspack/binding-darwin-x64': 1.3.12
      '@rspack/binding-linux-arm64-gnu': 1.3.12
      '@rspack/binding-linux-arm64-musl': 1.3.12
      '@rspack/binding-linux-x64-gnu': 1.3.12
      '@rspack/binding-linux-x64-musl': 1.3.12
      '@rspack/binding-win32-arm64-msvc': 1.3.12
      '@rspack/binding-win32-ia32-msvc': 1.3.12
      '@rspack/binding-win32-x64-msvc': 1.3.12

  '@rspack/core@1.3.12(@swc/helpers@0.5.17)':
    dependencies:
      '@module-federation/runtime-tools': 0.14.0
      '@rspack/binding': 1.3.12
      '@rspack/lite-tapable': 1.0.1
      caniuse-lite: 1.0.30001720
    optionalDependencies:
      '@swc/helpers': 0.5.17

  '@rspack/lite-tapable@1.0.1': {}

  '@swc/helpers@0.5.17':
    dependencies:
      tslib: 2.8.1

  '@types/serviceworker@0.0.137': {}

  caniuse-lite@1.0.30001720: {}

  core-js@3.42.0: {}

  jiti@2.4.2: {}

  tslib@2.8.1: {}

  typescript@5.8.3: {}
